
Microsoft Visual Studio Solution File, Format Version 12.00
# Visual Studio Version 17
VisualStudioVersion = 17.0.31903.59
MinimumVisualStudioVersion = 10.0.40219.1
Project("{2150E333-8FDC-42A3-9474-1A3956D46DE8}") = "frontend", "frontend", "{1D978BC4-5C21-4B08-AEA8-5B7C67997B50}"
EndProject
Project("{FAE04EC0-301F-11D3-BF4B-00C04F79EFBC}") = "StationShell.Shared", "frontend\StationShell.Shared\StationShell.Shared.csproj", "{BD731DDF-9F32-4851-B164-EB8419B0355A}"
EndProject
Project("{FAE04EC0-301F-11D3-BF4B-00C04F79EFBC}") = "StationShell.Web", "frontend\StationShell.Web\StationShell.Web.csproj", "{E18139EC-50E0-442F-A07A-B28029427206}"
EndProject
Project("{FAE04EC0-301F-11D3-BF4B-00C04F79EFBC}") = "StationShell.Desktop", "frontend\StationShell.Desktop\StationShell.Desktop.csproj", "{0114D6CC-BA12-4C1B-A5FD-DCB7828B6C1A}"
EndProject
Global
	GlobalSection(SolutionConfigurationPlatforms) = preSolution
		Debug|Any CPU = Debug|Any CPU
		Release|Any CPU = Release|Any CPU
	EndGlobalSection
	GlobalSection(SolutionProperties) = preSolution
		HideSolutionNode = FALSE
	EndGlobalSection
	GlobalSection(ProjectConfigurationPlatforms) = postSolution
		{BD731DDF-9F32-4851-B164-EB8419B0355A}.Debug|Any CPU.ActiveCfg = Debug|Any CPU
		{BD731DDF-9F32-4851-B164-EB8419B0355A}.Debug|Any CPU.Build.0 = Debug|Any CPU
		{BD731DDF-9F32-4851-B164-EB8419B0355A}.Release|Any CPU.ActiveCfg = Release|Any CPU
		{BD731DDF-9F32-4851-B164-EB8419B0355A}.Release|Any CPU.Build.0 = Release|Any CPU
		{E18139EC-50E0-442F-A07A-B28029427206}.Debug|Any CPU.ActiveCfg = Debug|Any CPU
		{E18139EC-50E0-442F-A07A-B28029427206}.Debug|Any CPU.Build.0 = Debug|Any CPU
		{E18139EC-50E0-442F-A07A-B28029427206}.Release|Any CPU.ActiveCfg = Release|Any CPU
		{E18139EC-50E0-442F-A07A-B28029427206}.Release|Any CPU.Build.0 = Release|Any CPU
		{0114D6CC-BA12-4C1B-A5FD-DCB7828B6C1A}.Debug|Any CPU.ActiveCfg = Debug|Any CPU
		{0114D6CC-BA12-4C1B-A5FD-DCB7828B6C1A}.Debug|Any CPU.Build.0 = Debug|Any CPU
		{0114D6CC-BA12-4C1B-A5FD-DCB7828B6C1A}.Release|Any CPU.ActiveCfg = Release|Any CPU
		{0114D6CC-BA12-4C1B-A5FD-DCB7828B6C1A}.Release|Any CPU.Build.0 = Release|Any CPU
	EndGlobalSection
	GlobalSection(NestedProjects) = preSolution
		{BD731DDF-9F32-4851-B164-EB8419B0355A} = {1D978BC4-5C21-4B08-AEA8-5B7C67997B50}
		{E18139EC-50E0-442F-A07A-B28029427206} = {1D978BC4-5C21-4B08-AEA8-5B7C67997B50}
		{0114D6CC-BA12-4C1B-A5FD-DCB7828B6C1A} = {1D978BC4-5C21-4B08-AEA8-5B7C67997B50}
	EndGlobalSection
EndGlobal
